
Microsoft Visual Studio Solution File, Format Version 12.00
# Visual Studio Version 17
VisualStudioVersion = 17.3.32825.248
MinimumVisualStudioVersion = 10.0.40219.1
Project("{9A19103F-16F7-4668-BE54-9A1E7A4F7556}") = "StabilityDiffusionConsole", "StabilityDiffusionConsole\StabilityDiffusionConsole.csproj", "{9481B4E2-A756-4C2E-9482-E1D3E7DA06D0}"
EndProject
Project("{9A19103F-16F7-4668-BE54-9A1E7A4F7556}") = "StabilitySdkClient", "StabilitySdkClient\StabilitySdkClient.csproj", "{1C7CD95D-A115-4741-B2F9-120A619C819E}"
EndProject
Global
	GlobalSection(SolutionConfigurationPlatforms) = preSolution
		Debug|Any CPU = Debug|Any CPU
		Release|Any CPU = Release|Any CPU
	EndGlobalSection
	GlobalSection(ProjectConfigurationPlatforms) = postSolution
		{9481B4E2-A756-4C2E-9482-E1D3E7DA06D0}.Debug|Any CPU.ActiveCfg = Debug|Any CPU
		{9481B4E2-A756-4C2E-9482-E1D3E7DA06D0}.Debug|Any CPU.Build.0 = Debug|Any CPU
		{9481B4E2-A756-4C2E-9482-E1D3E7DA06D0}.Release|Any CPU.ActiveCfg = Release|Any CPU
		{9481B4E2-A756-4C2E-9482-E1D3E7DA06D0}.Release|Any CPU.Build.0 = Release|Any CPU
		{1C7CD95D-A115-4741-B2F9-120A619C819E}.Debug|Any CPU.ActiveCfg = Debug|Any CPU
		{1C7CD95D-A115-4741-B2F9-120A619C819E}.Debug|Any CPU.Build.0 = Debug|Any CPU
		{1C7CD95D-A115-4741-B2F9-120A619C819E}.Release|Any CPU.ActiveCfg = Release|Any CPU
		{1C7CD95D-A115-4741-B2F9-120A619C819E}.Release|Any CPU.Build.0 = Release|Any CPU
	EndGlobalSection
	GlobalSection(SolutionProperties) = preSolution
		HideSolutionNode = FALSE
	EndGlobalSection
	GlobalSection(ExtensibilityGlobals) = postSolution
		SolutionGuid = {D7324131-B771-438E-A5FA-AF75D5EF0065}
	EndGlobalSection
EndGlobal
